
Microsoft Visual Studio Solution File, Format Version 12.00
# Visual Studio Version 17
VisualStudioVersion = 17.14.36623.8 d17.14
MinimumVisualStudioVersion = 10.0.40219.1
Project("{FAE04EC0-301F-11D3-BF4B-00C04F79EFBC}") = "PlastiStock", "PlastiStock\PlastiStock.csproj", "{1E4CAF27-E77C-4126-B0D5-5FA24302C2AB}"
EndProject
Global
	GlobalSection(SolutionConfigurationPlatforms) = preSolution
		Debug|Any CPU = Debug|Any CPU
		Release|Any CPU = Release|Any CPU
	EndGlobalSection
	GlobalSection(ProjectConfigurationPlatforms) = postSolution
		{1E4CAF27-E77C-4126-B0D5-5FA24302C2AB}.Debug|Any CPU.ActiveCfg = Debug|Any CPU
		{1E4CAF27-E77C-4126-B0D5-5FA24302C2AB}.Debug|Any CPU.Build.0 = Debug|Any CPU
		{1E4CAF27-E77C-4126-B0D5-5FA24302C2AB}.Release|Any CPU.ActiveCfg = Release|Any CPU
		{1E4CAF27-E77C-4126-B0D5-5FA24302C2AB}.Release|Any CPU.Build.0 = Release|Any CPU
	EndGlobalSection
	GlobalSection(SolutionProperties) = preSolution
		HideSolutionNode = FALSE
	EndGlobalSection
	GlobalSection(ExtensibilityGlobals) = postSolution
		SolutionGuid = {74859842-E898-46A5-9BB6-8CEEC6F7A53C}
	EndGlobalSection
EndGlobal
